
Microsoft Visual Studio Solution File, Format Version 12.00
# Visual Studio 15
VisualStudioVersion = 15.0.28307.421
MinimumVisualStudioVersion = 10.0.40219.1
Project("{9A19103F-16F7-4668-BE54-9A1E7A4F7556}") = "Items.Api", "Items.Api\Items.Api.csproj", "{D4EC9654-1FFB-4D98-BFFE-7A8CCB38C177}"
EndProject
Global
	GlobalSection(SolutionConfigurationPlatforms) = preSolution
		Debug|Any CPU = Debug|Any CPU
		Release|Any CPU = Release|Any CPU
	EndGlobalSection
	GlobalSection(ProjectConfigurationPlatforms) = postSolution
		{D4EC9654-1FFB-4D98-BFFE-7A8CCB38C177}.Debug|Any CPU.ActiveCfg = Debug|Any CPU
		{D4EC9654-1FFB-4D98-BFFE-7A8CCB38C177}.Debug|Any CPU.Build.0 = Debug|Any CPU
		{D4EC9654-1FFB-4D98-BFFE-7A8CCB38C177}.Release|Any CPU.ActiveCfg = Release|Any CPU
		{D4EC9654-1FFB-4D98-BFFE-7A8CCB38C177}.Release|Any CPU.Build.0 = Release|Any CPU
	EndGlobalSection
	GlobalSection(SolutionProperties) = preSolution
		HideSolutionNode = FALSE
	EndGlobalSection
	GlobalSection(ExtensibilityGlobals) = postSolution
		SolutionGuid = {F8400E68-C6C8-4487-9ED3-71BF192EB650}
	EndGlobalSection
EndGlobal
